Microsoft Visual Studio Solution File, Format Version 12.00
# Visual Studio Version 17
VisualStudioVersion = 17.5.2.0
MinimumVisualStudioVersion = 10.0.40219.1
Project("{FAE04EC0-301F-11D3-BF4B-00C04F79EFBC}") = "AulasMetodosHttp", "AulasMetodosHttp.csproj", "{CDFC7705-6C8F-CA76-C956-2072FB20AA38}"
EndProject
Global
	GlobalSection(SolutionConfigurationPlatforms) = preSolution
		Debug|Any CPU = Debug|Any CPU
		Release|Any CPU = Release|Any CPU
	EndGlobalSection
	GlobalSection(ProjectConfigurationPlatforms) = postSolution
		{CDFC7705-6C8F-CA76-C956-2072FB20AA38}.Debug|Any CPU.ActiveCfg = Debug|Any CPU
		{CDFC7705-6C8F-CA76-C956-2072FB20AA38}.Debug|Any CPU.Build.0 = Debug|Any CPU
		{CDFC7705-6C8F-CA76-C956-2072FB20AA38}.Release|Any CPU.ActiveCfg = Release|Any CPU
		{CDFC7705-6C8F-CA76-C956-2072FB20AA38}.Release|Any CPU.Build.0 = Release|Any CPU
	EndGlobalSection
	GlobalSection(SolutionProperties) = preSolution
		HideSolutionNode = FALSE
	EndGlobalSection
	GlobalSection(ExtensibilityGlobals) = postSolution
		SolutionGuid = {D826047D-814C-44A7-A051-C4D2319304EB}
	EndGlobalSection
EndGlobal
